
Microsoft Visual Studio Solution File, Format Version 9.00
# Visual Studio 2005
Project("{FAE04EC0-301F-11D3-BF4B-00C04F79EFBC}") = "WindowsApplication1", "WindowsApplication1\WindowsApplication1.csproj", "{13922F22-868A-46F4-BC5D-3D6A2F5FC1BF}"
EndProject
Global
	GlobalSection(SolutionConfigurationPlatforms) = preSolution
		Debug|Any CPU = Debug|Any CPU
		Release|Any CPU = Release|Any CPU
	EndGlobalSection
	GlobalSection(ProjectConfigurationPlatforms) = postSolution
		{13922F22-868A-46F4-BC5D-3D6A2F5FC1BF}.Debug|Any CPU.ActiveCfg = Debug|Any CPU
		{13922F22-868A-46F4-BC5D-3D6A2F5FC1BF}.Debug|Any CPU.Build.0 = Debug|Any CPU
		{13922F22-868A-46F4-BC5D-3D6A2F5FC1BF}.Release|Any CPU.ActiveCfg = Release|Any CPU
		{13922F22-868A-46F4-BC5D-3D6A2F5FC1BF}.Release|Any CPU.Build.0 = Release|Any CPU
	EndGlobalSection
	GlobalSection(SolutionProperties) = preSolution
		HideSolutionNode = FALSE
	EndGlobalSection
EndGlobal
